PODS:
  - LzyPodTest (2.0.0)
  - Masonry (1.1.0)

DEPENDENCIES:
  - LzyPodTest (from `https://github.com/GItHubNanmu77/LzyPodTest.git`, tag `2.0.0`)
  - Masonry

SPEC REPOS:
  https://github.com/cocoapods/specs.git:
    - Masonry

EXTERNAL SOURCES:
  LzyPodTest:
    :git: https://github.com/GItHubNanmu77/LzyPodTest.git
    :tag: 2.0.0

CHECKOUT OPTIONS:
  LzyPodTest:
    :git: https://github.com/GItHubNanmu77/LzyPodTest.git
    :tag: 2.0.0

SPEC CHECKSUMS:
  LzyPodTest: 41ccb4a15007c85d3bbf4b3bde29abc465de7e01
  Masonry: 678fab65091a9290e40e2832a55e7ab731aad201

PODFILE CHECKSUM: 4ed7113e1630eaea09c46a8a98bcc7ac66834e26

COCOAPODS: 1.7.2
